
Microsoft Visual Studio Solution File, Format Version 12.00
# Visual Studio Version 17
VisualStudioVersion = 17.8.34330.188
MinimumVisualStudioVersion = 10.0.40219.1
Project("{FAE04EC0-301F-11D3-BF4B-00C04F79EFBC}") = "WebZoo", "WebZoo.csproj", "{B217F753-1BF3-4ACA-BFAB-85A2A3F4FC3B}"
EndProject
Global
	GlobalSection(SolutionConfigurationPlatforms) = preSolution
		Debug|Any CPU = Debug|Any CPU
		Release|Any CPU = Release|Any CPU
	EndGlobalSection
	GlobalSection(ProjectConfigurationPlatforms) = postSolution
		{B217F753-1BF3-4ACA-BFAB-85A2A3F4FC3B}.Debug|Any CPU.ActiveCfg = Debug|Any CPU
		{B217F753-1BF3-4ACA-BFAB-85A2A3F4FC3B}.Debug|Any CPU.Build.0 = Debug|Any CPU
		{B217F753-1BF3-4ACA-BFAB-85A2A3F4FC3B}.Release|Any CPU.ActiveCfg = Release|Any CPU
		{B217F753-1BF3-4ACA-BFAB-85A2A3F4FC3B}.Release|Any CPU.Build.0 = Release|Any CPU
	EndGlobalSection
	GlobalSection(SolutionProperties) = preSolution
		HideSolutionNode = FALSE
	EndGlobalSection
	GlobalSection(ExtensibilityGlobals) = postSolution
		SolutionGuid = {2C66EEBE-F778-4FCA-932A-D9EA1C733261}
	EndGlobalSection
EndGlobal
